{
  "version": "3",
  "remote": {
    "https://deno.land/x/nano_jsx@v0.1.0/core.ts": "9346346ba7ddc52057131953a333c3ffa12e2a93aaceb25dabbab4bf8f1a171c",
    "https://deno.land/x/nano_jsx@v0.1.0/fragment.ts": "9cfb0dcdcb02d5cc53f027b4b55609e4f9d6d9322b665292e572856f4b688569",
    "https://deno.land/x/nano_jsx@v0.1.0/jsx-runtime/index.ts": "eb3d0884774eb3bf360d731bd7787aef2701f1be7e91aff8f88da59153d6aaa5",
    "https://deno.land/x/nano_jsx@v0.1.0/types.ts": "fb338d7fa4422a92c442d14e073a2deb01d42b017fcd36013a1f6554e17c5449"
  }
}
